{
  "requires": true,
  "lockfileVersion": 1,
  "dependencies": {
    "@dcloudio/uni-ui": {
      "version": "1.0.7",
      "resolved": "https://registry.npm.taobao.org/@dcloudio/uni-ui/download/@dcloudio/uni-ui-1.0.7.tgz",
      "integrity": "sha1-oeqVmFARA58PCz89fBGqEMZCtDQ="
    },
    "axios": {
      "version": "file:https:/registry.npm.taobao.org/axios/download/axios-0.19.0.tgz",
      "requires": {
        "follow-redirects": "1.5.10",
        "is-buffer": "^2.0.2"
      },
      "dependencies": {
        "follow-redirects": {
          "version": "1.5.10",
          "resolved": "https://registry.npm.taobao.org/follow-redirects/download/follow-redirects-1.5.10.tgz",
          "requires": {
            "debug": "=3.1.0"
          },
          "dependencies": {
            "debug": {
              "version": "3.1.0",
              "resolved": "https://registry.npm.taobao.org/debug/download/debug-3.1.0.tgz?cache=0&other_urls=https%3A%2F%2Fregistry.npm.taobao.org%2Fdebug%2Fdownload%2Fdebug-3.1.0.tgz",
              "requires": {
                "ms": "2.0.0"
              },
              "dependencies": {
                "ms": {
                  "version": "2.0.0",
                  "resolved": "https://registry.npm.taobao.org/ms/download/ms-2.0.0.tgz"
                }
              }
            }
          }
        },
        "is-buffer": {
          "version": "2.0.4",
          "resolved": "https://registry.npm.taobao.org/is-buffer/download/is-buffer-2.0.4.tgz?cache=0&sync_timestamp=1569905460448&other_urls=https%3A%2F%2Fregistry.npm.taobao.org%2Fis-buffer%2Fdownload%2Fis-buffer-2.0.4.tgz"
        }
      }
    },
    "debug": {
      "version": "file:https:/registry.npm.taobao.org/debug/download/debug-3.1.0.tgz?cache=0&other_urls=https%3A%2F%2Fregistry.npm.taobao.org%2Fdebug%2Fdownload%2Fdebug-3.1.0.tgz",
      "requires": {
        "ms": "2.0.0"
      },
      "dependencies": {
        "ms": {
          "version": "2.0.0",
          "resolved": "https://registry.npm.taobao.org/ms/download/ms-2.0.0.tgz"
        }
      }
    },
    "follow-redirects": {
      "version": "file:https:/registry.npm.taobao.org/follow-redirects/download/follow-redirects-1.5.10.tgz",
      "requires": {
        "debug": "=3.1.0"
      },
      "dependencies": {
        "debug": {
          "version": "3.1.0",
          "resolved": "https://registry.npm.taobao.org/debug/download/debug-3.1.0.tgz?cache=0&other_urls=https%3A%2F%2Fregistry.npm.taobao.org%2Fdebug%2Fdownload%2Fdebug-3.1.0.tgz",
          "requires": {
            "ms": "2.0.0"
          },
          "dependencies": {}
        }
      }
    },
    "is-buffer": {
      "version": "file:https:/registry.npm.taobao.org/is-buffer/download/is-buffer-2.0.4.tgz?cache=0&sync_timestamp=1569905460448&other_urls=https%3A%2F%2Fregistry.npm.taobao.org%2Fis-buffer%2Fdownload%2Fis-buffer-2.0.4.tgz"
    },
    "ms": {
      "version": "file:https:/registry.npm.taobao.org/ms/download/ms-2.0.0.tgz"
    }
  }
}
